github.com/KhurshedUlugov/bank v0.0.0-20200925124040-680f4c9516b8 h1:7IpP+fiDMsCLkLY30H3hEU1T4Z6tZDu6LIzdWI01jzo=
github.com/KhurshedUlugov/bank v0.0.0-20200925124040-680f4c9516b8/go.mod h1:MTJm/l5icyx/xNf/9gdNOBHGv2bjzUgq1svDH1VyDaE=
github.com/KhurshedUlugov/bank v1.0.0 h1:BSzQiMpJ7WLzw4/hnChj64+/kUlOl/hJxdDzEJXG1fM=
github.com/KhurshedUlugov/bank/v2 v2.0.0 h1:ZlKDeEmMOl4uJdKxw3NWso2lk7KPLSGUWSBFC6fdrsE=
github.com/KhurshedUlugov/bank/v2 v2.0.0/go.mod h1:td+aMrT0H/yDLEigoK11YMlqaQG0HBOFj6o/IO0mWPQ=
